// !$*UTF8*$!
{
	archiveVersion = 1;
	classes = {
	};
	objectVersion = 50;
	objects = {

/* Begin PBXBuildFile section */
		CCEA88A3274681400037463B /* main.swift in Sources */ = {isa = PBXBuildFile; fileRef = CCEA88A2274681400037463B /* main.swift */; };
		CCEA88B1274681840037463B /* TomagotchiUnitTests.swift in Sources */ = {isa = PBXBuildFile; fileRef = CCEA88B0274681840037463B /* TomagotchiUnitTests.swift */; };
		CCEA88B9274681B50037463B /* TamagotchiTest.swift in Sources */ = {isa = PBXBuildFile; fileRef = CCEA88B8274681B50037463B /* TamagotchiTest.swift */; };
		CCEA88BD2746824E0037463B /* Tamagotchi.swift in Sources */ = {isa = PBXBuildFile; fileRef = CCEA88BC2746824E0037463B /* Tamagotchi.swift */; };
		CCEA88C0274682E10037463B /* Tamagotchi.swift in Sources */ = {isa = PBXBuildFile; fileRef = CCEA88BC2746824E0037463B /* Tamagotchi.swift */; };
/* End PBXBuildFile section */

/* Begin PBXCopyFilesBuildPhase section */
		CCEA889D274681400037463B /* CopyFiles */ = {
			isa = PBXCopyFilesBuildPhase;
			buildActionMask = 2147483647;
			dstPath = /usr/share/man/man1/;
			dstSubfolderSpec = 0;
			files = (
			);
			runOnlyForDeploymentPostprocessing = 1;
		};
/* End PBXCopyFilesBuildPhase section */

/* Begin PBXFileReference section */
		CCEA889F274681400037463B /* TamagotchiConsoleApp */ = {isa = PBXFileReference; explicitFileType = "compiled.mach-o.executable"; includeInIndex = 0; path = TamagotchiConsoleApp; sourceTree = BUILT_PRODUCTS_DIR; };
		CCEA88A2274681400037463B /* main.swift */ = {isa = PBXFileReference; lastKnownFileType = sourcecode.swift; path = main.swift; sourceTree = "<group>"; };
		CCEA88AE274681840037463B /* TomagotchiUnitTests.xctest */ = {isa = PBXFileReference; explicitFileType = wrapper.cfbundle; includeInIndex = 0; path = TomagotchiUnitTests.xctest; sourceTree = BUILT_PRODUCTS_DIR; };
		CCEA88B0274681840037463B /* TomagotchiUnitTests.swift */ = {isa = PBXFileReference; lastKnownFileType = sourcecode.swift; path = TomagotchiUnitTests.swift; sourceTree = "<group>"; };
		CCEA88B2274681840037463B /* Info.plist */ = {isa = PBXFileReference; lastKnownFileType = text.plist.xml; path = Info.plist; sourceTree = "<group>"; };
		CCEA88B8274681B50037463B /* TamagotchiTest.swift */ = {isa = PBXFileReference; lastKnownFileType = sourcecode.swift; path = TamagotchiTest.swift; sourceTree = "<group>"; };
		CCEA88BC2746824E0037463B /* Tamagotchi.swift */ = {isa = PBXFileReference; lastKnownFileType = sourcecode.swift; path = Tamagotchi.swift; sourceTree = "<group>"; };
/* End PBXFileReference section */

/* Begin PBXFrameworksBuildPhase section */
		CCEA889C274681400037463B /* Frameworks */ = {
			isa = PBXFrameworksBuildPhase;
			buildActionMask = 2147483647;
			files = (
			);
			runOnlyForDeploymentPostprocessing = 0;
		};
		CCEA88AB274681840037463B /* Frameworks */ = {
			isa = PBXFrameworksBuildPhase;
			buildActionMask = 2147483647;
			files = (
			);
			runOnlyForDeploymentPostprocessing = 0;
		};
/* End PBXFrameworksBuildPhase section */

/* Begin PBXGroup section */
		CCEA8896274681400037463B = {
			isa = PBXGroup;
			children = (
				CCEA88A1274681400037463B /* TamagotchiConsoleApp */,
				CCEA88AF274681840037463B /* TomagotchiUnitTests */,
				CCEA88A0274681400037463B /* Products */,
			);
			sourceTree = "<group>";
		};
		CCEA88A0274681400037463B /* Products */ = {
			isa = PBXGroup;
			children = (
				CCEA889F274681400037463B /* TamagotchiConsoleApp */,
				CCEA88AE274681840037463B /* TomagotchiUnitTests.xctest */,
			);
			name = Products;
			sourceTree = "<group>";
		};
		CCEA88A1274681400037463B /* TamagotchiConsoleApp */ = {
			isa = PBXGroup;
			children = (
				CCEA88A2274681400037463B /* main.swift */,
				CCEA88BC2746824E0037463B /* Tamagotchi.swift */,
			);
			path = TamagotchiConsoleApp;
			sourceTree = "<group>";
		};
		CCEA88AF274681840037463B /* TomagotchiUnitTests */ = {
			isa = PBXGroup;
			children = (
				CCEA88B0274681840037463B /* TomagotchiUnitTests.swift */,
				CCEA88B2274681840037463B /* Info.plist */,
				CCEA88B8274681B50037463B /* TamagotchiTest.swift */,
			);
			path = TomagotchiUnitTests;
			sourceTree = "<group>";
		};
/* End PBXGroup section */

/* Begin PBXNativeTarget section */
		CCEA889E274681400037463B /* TamagotchiConsoleApp */ = {
			isa = PBXNativeTarget;
			buildConfigurationList = CCEA88A6274681400037463B /* Build configuration list for PBXNativeTarget "TamagotchiConsoleApp" */;
			buildPhases = (
				CCEA889B274681400037463B /* Sources */,
				CCEA889C274681400037463B /* Frameworks */,
				CCEA889D274681400037463B /* CopyFiles */,
			);
			buildRules = (
			);
			dependencies = (
			);
			name = TamagotchiConsoleApp;
			productName = TamagotchiConsoleApp;
			productReference = CCEA889F274681400037463B /* TamagotchiConsoleApp */;
			productType = "com.apple.product-type.tool";
		};
		CCEA88AD274681840037463B /* TomagotchiUnitTests */ = {
			isa = PBXNativeTarget;
			buildConfigurationList = CCEA88B3274681840037463B /* Build configuration list for PBXNativeTarget "TomagotchiUnitTests" */;
			buildPhases = (
				CCEA88AA274681840037463B /* Sources */,
				CCEA88AB274681840037463B /* Frameworks */,
				CCEA88AC274681840037463B /* Resources */,
			);
			buildRules = (
			);
			dependencies = (
			);
			name = TomagotchiUnitTests;
			productName = TomagotchiUnitTests;
			productReference = CCEA88AE274681840037463B /* TomagotchiUnitTests.xctest */;
			productType = "com.apple.product-type.bundle.unit-test";
		};
/* End PBXNativeTarget section */

/* Begin PBXProject section */
		CCEA8897274681400037463B /* Project object */ = {
			isa = PBXProject;
			attributes = {
				LastSwiftUpdateCheck = 1240;
				LastUpgradeCheck = 1240;
				TargetAttributes = {
					CCEA889E274681400037463B = {
						CreatedOnToolsVersion = 12.4;
					};
					CCEA88AD274681840037463B = {
						CreatedOnToolsVersion = 12.4;
					};
				};
			};
			buildConfigurationList = CCEA889A274681400037463B /* Build configuration list for PBXProject "TamagotchiConsoleApp" */;
			compatibilityVersion = "Xcode 9.3";
			developmentRegion = en;
			hasScannedForEncodings = 0;
			knownRegions = (
				en,
				Base,
			);
			mainGroup = CCEA8896274681400037463B;
			productRefGroup = CCEA88A0274681400037463B /* Products */;
			projectDirPath = "";
			projectRoot = "";
			targets = (
				CCEA889E274681400037463B /* TamagotchiConsoleApp */,
				CCEA88AD274681840037463B /* TomagotchiUnitTests */,
			);
		};
/* End PBXProject section */

/* Begin PBXResourcesBuildPhase section */
		CCEA88AC274681840037463B /* Resources */ = {
			isa = PBXResourcesBuildPhase;
			buildActionMask = 2147483647;
			files = (
			);
			runOnlyForDeploymentPostprocessing = 0;
		};
/* End PBXResourcesBuildPhase section */

/* Begin PBXSourcesBuildPhase section */
		CCEA889B274681400037463B /* Sources */ = {
			isa = PBXSourcesBuildPhase;
			buildActionMask = 2147483647;
			files = (
				CCEA88BD2746824E0037463B /* Tamagotchi.swift in Sources */,
				CCEA88A3274681400037463B /* main.swift in Sources */,
			);
			runOnlyForDeploymentPostprocessing = 0;
		};
		CCEA88AA274681840037463B /* Sources */ = {
			isa = PBXSourcesBuildPhase;
			buildActionMask = 2147483647;
			files = (
				CCEA88B9274681B50037463B /* TamagotchiTest.swift in Sources */,
				CCEA88C0274682E10037463B /* Tamagotchi.swift in Sources */,
				CCEA88B1274681840037463B /* TomagotchiUnitTests.swift in Sources */,
			);
			runOnlyForDeploymentPostprocessing = 0;
		};
/* End PBXSourcesBuildPhase section */

/* Begin XCBuildConfiguration section */
		CCEA88A4274681400037463B /* Debug */ = {
			isa = XCBuildConfiguration;
			buildSettings = {
				ALWAYS_SEARCH_USER_PATHS = NO;
				CLANG_ANALYZER_NONNULL = YES;
				CLANG_ANALYZER_NUMBER_OBJECT_CONVERSION = YES_AGGRESSIVE;
				CLANG_CXX_LANGUAGE_STANDARD = "gnu++14";
				CLANG_CXX_LIBRARY = "libc++";
				CLANG_ENABLE_MODULES = YES;
				CLANG_ENABLE_OBJC_ARC = YES;
				CLANG_ENABLE_OBJC_WEAK = YES;
				CLANG_WARN_BLOCK_CAPTURE_AUTORELEASING = YES;
				CLANG_WARN_BOOL_CONVERSION = YES;
				CLANG_WARN_COMMA = YES;
				CLANG_WARN_CONSTANT_CONVERSION = YES;
				CLANG_WARN_DEPRECATED_OBJC_IMPLEMENTATIONS = YES;
				CLANG_WARN_DIRECT_OBJC_ISA_USAGE = YES_ERROR;
				CLANG_WARN_DOCUMENTATION_COMMENTS = YES;
				CLANG_WARN_EMPTY_BODY = YES;
				CLANG_WARN_ENUM_CONVERSION = YES;
				CLANG_WARN_INFINITE_RECURSION = YES;
				CLANG_WARN_INT_CONVERSION = YES;
				CLANG_WARN_NON_LITERAL_NULL_CONVERSION = YES;
				CLANG_WARN_OBJC_IMPLICIT_RETAIN_SELF = YES;
				CLANG_WARN_OBJC_LITERAL_CONVERSION = YES;
				CLANG_WARN_OBJC_ROOT_CLASS = YES_ERROR;
				CLANG_WARN_QUOTED_INCLUDE_IN_FRAMEWORK_HEADER = YES;
				CLANG_WARN_RANGE_LOOP_ANALYSIS = YES;
				CLANG_WARN_STRICT_PROTOTYPES = YES;
				CLANG_WARN_SUSPICIOUS_MOVE = YES;
				CLANG_WARN_UNGUARDED_AVAILABILITY = YES_AGGRESSIVE;
				CLANG_WARN_UNREACHABLE_CODE = YES;
				CLANG_WARN__DUPLICATE_METHOD_MATCH = YES;
				COPY_PHASE_STRIP = NO;
				DEBUG_INFORMATION_FORMAT = dwarf;
				ENABLE_STRICT_OBJC_MSGSEND = YES;
				ENABLE_TESTABILITY = YES;
				GCC_C_LANGUAGE_STANDARD = gnu11;
				GCC_DYNAMIC_NO_PIC = NO;
				GCC_NO_COMMON_BLOCKS = YES;
				GCC_OPTIMIZATION_LEVEL = 0;
				GCC_PREPROCESSOR_DEFINITIONS = (
					"DEBUG=1",
					"$(inherited)",
				);
				GCC_WARN_64_TO_32_BIT_CONVERSION = YES;
				GCC_WARN_ABOUT_RETURN_TYPE = YES_ERROR;
				GCC_WARN_UNDECLARED_SELECTOR = YES;
				GCC_WARN_UNINITIALIZED_AUTOS = YES_AGGRESSIVE;
				GCC_WARN_UNUSED_FUNCTION = YES;
				GCC_WARN_UNUSED_VARIABLE = YES;
				MACOSX_DEPLOYMENT_TARGET = 10.15;
				MTL_ENABLE_DEBUG_INFO = INCLUDE_SOURCE;
				MTL_FAST_MATH = YES;
				ONLY_ACTIVE_ARCH = YES;
				SDKROOT = macosx;
				SWIFT_ACTIVE_COMPILATION_CONDITIONS = DEBUG;
				SWIFT_OPTIMIZATION_LEVEL = "-Onone";
			};
			name = Debug;
		};
		CCEA88A5274681400037463B /* Release */ = {
			isa = XCBuildConfiguration;
			buildSettings = {
				ALWAYS_SEARCH_USER_PATHS = NO;
				CLANG_ANALYZER_NONNULL = YES;
				CLANG_ANALYZER_NUMBER_OBJECT_CONVERSION = YES_AGGRESSIVE;
				CLANG_CXX_LANGUAGE_STANDARD = "gnu++14";
				CLANG_CXX_LIBRARY = "libc++";
				CLANG_ENABLE_MODULES = YES;
				CLANG_ENABLE_OBJC_ARC = YES;
				CLANG_ENABLE_OBJC_WEAK = YES;
				CLANG_WARN_BLOCK_CAPTURE_AUTORELEASING = YES;
				CLANG_WARN_BOOL_CONVERSION = YES;
				CLANG_WARN_COMMA = YES;
				CLANG_WARN_CONSTANT_CONVERSION = YES;
				CLANG_WARN_DEPRECATED_OBJC_IMPLEMENTATIONS = YES;
				CLANG_WARN_DIRECT_OBJC_ISA_USAGE = YES_ERROR;
				CLANG_WARN_DOCUMENTATION_COMMENTS = YES;
				CLANG_WARN_EMPTY_BODY = YES;
				CLANG_WARN_ENUM_CONVERSION = YES;
				CLANG_WARN_INFINITE_RECURSION = YES;
				CLANG_WARN_INT_CONVERSION = YES;
				CLANG_WARN_NON_LITERAL_NULL_CONVERSION = YES;
				CLANG_WARN_OBJC_IMPLICIT_RETAIN_SELF = YES;
				CLANG_WARN_OBJC_LITERAL_CONVERSION = YES;
				CLANG_WARN_OBJC_ROOT_CLASS = YES_ERROR;
				CLANG_WARN_QUOTED_INCLUDE_IN_FRAMEWORK_HEADER = YES;
				CLANG_WARN_RANGE_LOOP_ANALYSIS = YES;
				CLANG_WARN_STRICT_PROTOTYPES = YES;
				CLANG_WARN_SUSPICIOUS_MOVE = YES;
				CLANG_WARN_UNGUARDED_AVAILABILITY = YES_AGGRESSIVE;
				CLANG_WARN_UNREACHABLE_CODE = YES;
				CLANG_WARN__DUPLICATE_METHOD_MATCH = YES;
				COPY_PHASE_STRIP = NO;
				DEBUG_INFORMATION_FORMAT = "dwarf-with-dsym";
				ENABLE_NS_ASSERTIONS = NO;
				ENABLE_STRICT_OBJC_MSGSEND = YES;
				GCC_C_LANGUAGE_STANDARD = gnu11;
				GCC_NO_COMMON_BLOCKS = YES;
				GCC_WARN_64_TO_32_BIT_CONVERSION = YES;
				GCC_WARN_ABOUT_RETURN_TYPE = YES_ERROR;
				GCC_WARN_UNDECLARED_SELECTOR = YES;
				GCC_WARN_UNINITIALIZED_AUTOS = YES_AGGRESSIVE;
				GCC_WARN_UNUSED_FUNCTION = YES;
				GCC_WARN_UNUSED_VARIABLE = YES;
				MACOSX_DEPLOYMENT_TARGET = 10.15;
				MTL_ENABLE_DEBUG_INFO = NO;
				MTL_FAST_MATH = YES;
				SDKROOT = macosx;
				SWIFT_COMPILATION_MODE = wholemodule;
				SWIFT_OPTIMIZATION_LEVEL = "-O";
			};
			name = Release;
		};
		CCEA88A7274681400037463B /* Debug */ = {
			isa = XCBuildConfiguration;
			buildSettings = {
				CODE_SIGN_STYLE = Automatic;
				PRODUCT_NAME = "$(TARGET_NAME)";
				SWIFT_VERSION = 5.0;
			};
			name = Debug;
		};
		CCEA88A8274681400037463B /* Release */ = {
			isa = XCBuildConfiguration;
			buildSettings = {
				CODE_SIGN_STYLE = Automatic;
				PRODUCT_NAME = "$(TARGET_NAME)";
				SWIFT_VERSION = 5.0;
			};
			name = Release;
		};
		CCEA88B4274681840037463B /* Debug */ = {
			isa = XCBuildConfiguration;
			buildSettings = {
				CODE_SIGN_STYLE = Automatic;
				COMBINE_HIDPI_IMAGES = YES;
				INFOPLIST_FILE = TomagotchiUnitTests/Info.plist;
				LD_RUNPATH_SEARCH_PATHS = (
					"$(inherited)",
					"@executable_path/../Frameworks",
					"@loader_path/../Frameworks",
				);
				PRODUCT_BUNDLE_IDENTIFIER = com.jinlidavid.TomagotchiUnitTests;
				PRODUCT_NAME = "$(TARGET_NAME)";
				SWIFT_VERSION = 5.0;
			};
			name = Debug;
		};
		CCEA88B5274681840037463B /* Release */ = {
			isa = XCBuildConfiguration;
			buildSettings = {
				CODE_SIGN_STYLE = Automatic;
				COMBINE_HIDPI_IMAGES = YES;
				INFOPLIST_FILE = TomagotchiUnitTests/Info.plist;
				LD_RUNPATH_SEARCH_PATHS = (
					"$(inherited)",
					"@executable_path/../Frameworks",
					"@loader_path/../Frameworks",
				);
				PRODUCT_BUNDLE_IDENTIFIER = com.jinlidavid.TomagotchiUnitTests;
				PRODUCT_NAME = "$(TARGET_NAME)";
				SWIFT_VERSION = 5.0;
			};
			name = Release;
		};
/* End XCBuildConfiguration section */

/* Begin XCConfigurationList section */
		CCEA889A274681400037463B /* Build configuration list for PBXProject "TamagotchiConsoleApp" */ = {
			isa = XCConfigurationList;
			buildConfigurations = (
				CCEA88A4274681400037463B /* Debug */,
				CCEA88A5274681400037463B /* Release */,
			);
			defaultConfigurationIsVisible = 0;
			defaultConfigurationName = Release;
		};
		CCEA88A6274681400037463B /* Build configuration list for PBXNativeTarget "TamagotchiConsoleApp" */ = {
			isa = XCConfigurationList;
			buildConfigurations = (
				CCEA88A7274681400037463B /* Debug */,
				CCEA88A8274681400037463B /* Release */,
			);
			defaultConfigurationIsVisible = 0;
			defaultConfigurationName = Release;
		};
		CCEA88B3274681840037463B /* Build configuration list for PBXNativeTarget "TomagotchiUnitTests" */ = {
			isa = XCConfigurationList;
			buildConfigurations = (
				CCEA88B4274681840037463B /* Debug */,
				CCEA88B5274681840037463B /* Release */,
			);
			defaultConfigurationIsVisible = 0;
			defaultConfigurationName = Release;
		};
/* End XCConfigurationList section */
	};
	rootObject = CCEA8897274681400037463B /* Project object */;
}
